
Microsoft Visual Studio Solution File, Format Version 12.00
# Visual Studio Version 17
VisualStudioVersion = 17.5.002.0
MinimumVisualStudioVersion = 10.0.40219.1
Project("{9A19103F-16F7-4668-BE54-9A1E7A4F7556}") = "ThucHanhMvc", "ThucHanhMvc\ThucHanhMvc.csproj", "{7766A84E-DDA8-41FF-9905-30A5FE419108}"
EndProject
Global
	GlobalSection(SolutionConfigurationPlatforms) = preSolution
		Debug|Any CPU = Debug|Any CPU
		Release|Any CPU = Release|Any CPU
	EndGlobalSection
	GlobalSection(ProjectConfigurationPlatforms) = postSolution
		{7766A84E-DDA8-41FF-9905-30A5FE419108}.Debug|Any CPU.ActiveCfg = Debug|Any CPU
		{7766A84E-DDA8-41FF-9905-30A5FE419108}.Debug|Any CPU.Build.0 = Debug|Any CPU
		{7766A84E-DDA8-41FF-9905-30A5FE419108}.Release|Any CPU.ActiveCfg = Release|Any CPU
		{7766A84E-DDA8-41FF-9905-30A5FE419108}.Release|Any CPU.Build.0 = Release|Any CPU
	EndGlobalSection
	GlobalSection(SolutionProperties) = preSolution
		HideSolutionNode = FALSE
	EndGlobalSection
	GlobalSection(ExtensibilityGlobals) = postSolution
		SolutionGuid = {A0338B44-E74B-4004-8A0A-6D112A295680}
	EndGlobalSection
EndGlobal
